
Microsoft Visual Studio Solution File, Format Version 12.00
# Visual Studio 15
VisualStudioVersion = 15.0.28010.2048
MinimumVisualStudioVersion = 10.0.40219.1
Project("{FAE04EC0-301F-11D3-BF4B-00C04F79EFBC}") = "HMS", "HMS\HMS.csproj", "{B5991058-8DB3-4589-8C24-1BA1B9A58332}"
EndProject
Global
	GlobalSection(SolutionConfigurationPlatforms) = preSolution
		Debug|Any CPU = Debug|Any CPU
		Release|Any CPU = Release|Any CPU
	EndGlobalSection
	GlobalSection(ProjectConfigurationPlatforms) = postSolution
		{B5991058-8DB3-4589-8C24-1BA1B9A58332}.Debug|Any CPU.ActiveCfg = Debug|Any CPU
		{B5991058-8DB3-4589-8C24-1BA1B9A58332}.Debug|Any CPU.Build.0 = Debug|Any CPU
		{B5991058-8DB3-4589-8C24-1BA1B9A58332}.Release|Any CPU.ActiveCfg = Release|Any CPU
		{B5991058-8DB3-4589-8C24-1BA1B9A58332}.Release|Any CPU.Build.0 = Release|Any CPU
	EndGlobalSection
	GlobalSection(SolutionProperties) = preSolution
		HideSolutionNode = FALSE
	EndGlobalSection
	GlobalSection(ExtensibilityGlobals) = postSolution
		SolutionGuid = {DD1392BF-DE2F-43D3-BCF6-B6274E585DC1}
	EndGlobalSection
EndGlobal
